lockfileVersion: '9.0'

settings:
  autoInstallPeers: true
  excludeLinksFromLockfile: false

importers:

  .:
    dependencies:
      nodemailer:
        specifier: 9.0.5
        version: 9.0.5

packages:

  nodemailer@9.0.5:
    resolution: {integrity: sha512-wvjiKvjczmsN7U/8006JOdXubgBk2XFAbioDMbT+sM7cPs0QrhJTa6KBRX7P5REGGkDcLUz/EarWidb8G8C1jQ==}
    engines: {node: '>=6.0.0'}

snapshots:

  nodemailer@9.0.5: {}
